// !$*UTF8*$!
{
	archiveVersion = 1;
	classes = {
	};
	objectVersion = 77;
	objects = {

/* Begin PBXBuildFile section */
		ECAAAEDF2E8440FF00E73632 /* SwiftBasicFormat in Frameworks */ = {isa = PBXBuildFile; productRef = ECAAAEDE2E8440FF00E73632 /* SwiftBasicFormat */; };
		ECAAAEE12E8440FF00E73632 /* SwiftCompilerPlugin in Frameworks */ = {isa = PBXBuildFile; productRef = ECAAAEE02E8440FF00E73632 /* SwiftCompilerPlugin */; };
		ECAAAEE32E8440FF00E73632 /* SwiftDiagnostics in Frameworks */ = {isa = PBXBuildFile; productRef = ECAAAEE22E8440FF00E73632 /* SwiftDiagnostics */; };
		ECAAAEE52E8440FF00E73632 /* SwiftIDEUtils in Frameworks */ = {isa = PBXBuildFile; productRef = ECAAAEE42E8440FF00E73632 /* SwiftIDEUtils */; };
		ECAAAEE72E8440FF00E73632 /* SwiftIfConfig in Frameworks */ = {isa = PBXBuildFile; productRef = ECAAAEE62E8440FF00E73632 /* SwiftIfConfig */; };
		ECAAAEEA2E84411F00E73632 /* BitCollections in Frameworks */ = {isa = PBXBuildFile; productRef = ECAAAEE92E84411F00E73632 /* BitCollections */; };
		ECAAAEEC2E84411F00E73632 /* Collections in Frameworks */ = {isa = PBXBuildFile; productRef = ECAAAEEB2E84411F00E73632 /* Collections */; };
		ECAAAEEE2E84411F00E73632 /* DequeModule in Frameworks */ = {isa = PBXBuildFile; productRef = ECAAAEED2E84411F00E73632 /* DequeModule */; };
		ECAAAEF02E84411F00E73632 /* HashTreeCollections in Frameworks */ = {isa = PBXBuildFile; productRef = ECAAAEEF2E84411F00E73632 /* HashTreeCollections */; };
		ECAAAEF22E84411F00E73632 /* HeapModule in Frameworks */ = {isa = PBXBuildFile; productRef = ECAAAEF12E84411F00E73632 /* HeapModule */; };
		ECAAAEF42E84411F00E73632 /* OrderedCollections in Frameworks */ = {isa = PBXBuildFile; productRef = ECAAAEF32E84411F00E73632 /* OrderedCollections */; };
		ECAAAEF62E84411F00E73632 /* _RopeModule in Frameworks */ = {isa = PBXBuildFile; productRef = ECAAAEF52E84411F00E73632 /* _RopeModule */; };
/* End PBXBuildFile section */

/* Begin PBXContainerItemProxy section */
		ECAAAEBF2E843F6400E73632 /* PBXContainerItemProxy */ = {
			isa = PBXContainerItemProxy;
			containerPortal = ECAAAEA82E843F6100E73632 /* Project object */;
			proxyType = 1;
			remoteGlobalIDString = ECAAAEAF2E843F6100E73632;
			remoteInfo = DAGFromCode;
		};
/* End PBXContainerItemProxy section */

/* Begin PBXFileReference section */
		ECAAAEB02E843F6100E73632 /* DAGFromCode.app */ = {isa = PBXFileReference; explicitFileType = wrapper.application; includeInIndex = 0; path = DAGFromCode.app; sourceTree = BUILT_PRODUCTS_DIR; };
		ECAAAEBE2E843F6400E73632 /* DAGFromCodeTests.xctest */ = {isa = PBXFileReference; explicitFileType = wrapper.cfbundle; includeInIndex = 0; path = DAGFromCodeTests.xctest; sourceTree = BUILT_PRODUCTS_DIR; };
/* End PBXFileReference section */

/* Begin PBXFileSystemSynchronizedRootGroup section */
		ECAAAEB22E843F6100E73632 /* DAGFromCode */ = {
			isa = PBXFileSystemSynchronizedRootGroup;
			path = DAGFromCode;
			sourceTree = "<group>";
		};
		ECAAAEC12E843F6400E73632 /* DAGFromCodeTests */ = {
			isa = PBXFileSystemSynchronizedRootGroup;
			path = DAGFromCodeTests;
			sourceTree = "<group>";
		};
/* End PBXFileSystemSynchronizedRootGroup section */

/* Begin PBXFrameworksBuildPhase section */
		ECAAAEAD2E843F6100E73632 /* Frameworks */ = {
			isa = PBXFrameworksBuildPhase;
			buildActionMask = 2147483647;
			files = (
				ECAAAEF42E84411F00E73632 /* OrderedCollections in Frameworks */,
				ECAAAEEC2E84411F00E73632 /* Collections in Frameworks */,
				ECAAAEE32E8440FF00E73632 /* SwiftDiagnostics in Frameworks */,
				ECAAAEE52E8440FF00E73632 /* SwiftIDEUtils in Frameworks */,
				ECAAAEEA2E84411F00E73632 /* BitCollections in Frameworks */,
				ECAAAEE72E8440FF00E73632 /* SwiftIfConfig in Frameworks */,
				ECAAAEF62E84411F00E73632 /* _RopeModule in Frameworks */,
				ECAAAEEE2E84411F00E73632 /* DequeModule in Frameworks */,
				ECAAAEF22E84411F00E73632 /* HeapModule in Frameworks */,
				ECAAAEF02E84411F00E73632 /* HashTreeCollections in Frameworks */,
				ECAAAEE12E8440FF00E73632 /* SwiftCompilerPlugin in Frameworks */,
				ECAAAEDF2E8440FF00E73632 /* SwiftBasicFormat in Frameworks */,
			);
			runOnlyForDeploymentPostprocessing = 0;
		};
		ECAAAEBB2E843F6400E73632 /* Frameworks */ = {
			isa = PBXFrameworksBuildPhase;
			buildActionMask = 2147483647;
			files = (
			);
			runOnlyForDeploymentPostprocessing = 0;
		};
/* End PBXFrameworksBuildPhase section */

/* Begin PBXGroup section */
		ECAAAEA72E843F6100E73632 = {
			isa = PBXGroup;
			children = (
				ECAAAEB22E843F6100E73632 /* DAGFromCode */,
				ECAAAEC12E843F6400E73632 /* DAGFromCodeTests */,
				ECAAAEB12E843F6100E73632 /* Products */,
			);
			sourceTree = "<group>";
		};
		ECAAAEB12E843F6100E73632 /* Products */ = {
			isa = PBXGroup;
			children = (
				ECAAAEB02E843F6100E73632 /* DAGFromCode.app */,
				ECAAAEBE2E843F6400E73632 /* DAGFromCodeTests.xctest */,
			);
			name = Products;
			sourceTree = "<group>";
		};
/* End PBXGroup section */

/* Begin PBXNativeTarget section */
		ECAAAEAF2E843F6100E73632 /* DAGFromCode */ = {
			isa = PBXNativeTarget;
			buildConfigurationList = ECAAAED22E843F6400E73632 /* Build configuration list for PBXNativeTarget "DAGFromCode" */;
			buildPhases = (
				ECAAAEAC2E843F6100E73632 /* Sources */,
				ECAAAEAD2E843F6100E73632 /* Frameworks */,
				ECAAAEAE2E843F6100E73632 /* Resources */,
			);
			buildRules = (
			);
			dependencies = (
			);
			fileSystemSynchronizedGroups = (
				ECAAAEB22E843F6100E73632 /* DAGFromCode */,
			);
			name = DAGFromCode;
			packageProductDependencies = (
				ECAAAEDE2E8440FF00E73632 /* SwiftBasicFormat */,
				ECAAAEE02E8440FF00E73632 /* SwiftCompilerPlugin */,
				ECAAAEE22E8440FF00E73632 /* SwiftDiagnostics */,
				ECAAAEE42E8440FF00E73632 /* SwiftIDEUtils */,
				ECAAAEE62E8440FF00E73632 /* SwiftIfConfig */,
				ECAAAEE92E84411F00E73632 /* BitCollections */,
				ECAAAEEB2E84411F00E73632 /* Collections */,
				ECAAAEED2E84411F00E73632 /* DequeModule */,
				ECAAAEEF2E84411F00E73632 /* HashTreeCollections */,
				ECAAAEF12E84411F00E73632 /* HeapModule */,
				ECAAAEF32E84411F00E73632 /* OrderedCollections */,
				ECAAAEF52E84411F00E73632 /* _RopeModule */,
			);
			productName = DAGFromCode;
			productReference = ECAAAEB02E843F6100E73632 /* DAGFromCode.app */;
			productType = "com.apple.product-type.application";
		};
		ECAAAEBD2E843F6400E73632 /* DAGFromCodeTests */ = {
			isa = PBXNativeTarget;
			buildConfigurationList = ECAAAED52E843F6400E73632 /* Build configuration list for PBXNativeTarget "DAGFromCodeTests" */;
			buildPhases = (
				ECAAAEBA2E843F6400E73632 /* Sources */,
				ECAAAEBB2E843F6400E73632 /* Frameworks */,
				ECAAAEBC2E843F6400E73632 /* Resources */,
			);
			buildRules = (
			);
			dependencies = (
				ECAAAEC02E843F6400E73632 /* PBXTargetDependency */,
			);
			fileSystemSynchronizedGroups = (
				ECAAAEC12E843F6400E73632 /* DAGFromCodeTests */,
			);
			name = DAGFromCodeTests;
			packageProductDependencies = (
			);
			productName = DAGFromCodeTests;
			productReference = ECAAAEBE2E843F6400E73632 /* DAGFromCodeTests.xctest */;
			productType = "com.apple.product-type.bundle.unit-test";
		};
/* End PBXNativeTarget section */

/* Begin PBXProject section */
		ECAAAEA82E843F6100E73632 /* Project object */ = {
			isa = PBXProject;
			attributes = {
				BuildIndependentTargetsInParallel = 1;
				LastSwiftUpdateCheck = 1640;
				LastUpgradeCheck = 1640;
				TargetAttributes = {
					ECAAAEAF2E843F6100E73632 = {
						CreatedOnToolsVersion = 16.4;
					};
					ECAAAEBD2E843F6400E73632 = {
						CreatedOnToolsVersion = 16.4;
						TestTargetID = ECAAAEAF2E843F6100E73632;
					};
				};
			};
			buildConfigurationList = ECAAAEAB2E843F6100E73632 /* Build configuration list for PBXProject "DAGFromCode" */;
			developmentRegion = en;
			hasScannedForEncodings = 0;
			knownRegions = (
				en,
				Base,
			);
			mainGroup = ECAAAEA72E843F6100E73632;
			minimizedProjectReferenceProxies = 1;
			packageReferences = (
				ECAAAEDD2E8440FE00E73632 /* XCRemoteSwiftPackageReference "swift-syntax" */,
				ECAAAEE82E84411F00E73632 /* XCRemoteSwiftPackageReference "swift-collections" */,
			);
			preferredProjectObjectVersion = 77;
			productRefGroup = ECAAAEB12E843F6100E73632 /* Products */;
			projectDirPath = "";
			projectRoot = "";
			targets = (
				ECAAAEAF2E843F6100E73632 /* DAGFromCode */,
				ECAAAEBD2E843F6400E73632 /* DAGFromCodeTests */,
			);
		};
/* End PBXProject section */

/* Begin PBXResourcesBuildPhase section */
		ECAAAEAE2E843F6100E73632 /* Resources */ = {
			isa = PBXResourcesBuildPhase;
			buildActionMask = 2147483647;
			files = (
			);
			runOnlyForDeploymentPostprocessing = 0;
		};
		ECAAAEBC2E843F6400E73632 /* Resources */ = {
			isa = PBXResourcesBuildPhase;
			buildActionMask = 2147483647;
			files = (
			);
			runOnlyForDeploymentPostprocessing = 0;
		};
/* End PBXResourcesBuildPhase section */

/* Begin PBXSourcesBuildPhase section */
		ECAAAEAC2E843F6100E73632 /* Sources */ = {
			isa = PBXSourcesBuildPhase;
			buildActionMask = 2147483647;
			files = (
			);
			runOnlyForDeploymentPostprocessing = 0;
		};
		ECAAAEBA2E843F6400E73632 /* Sources */ = {
			isa = PBXSourcesBuildPhase;
			buildActionMask = 2147483647;
			files = (
			);
			runOnlyForDeploymentPostprocessing = 0;
		};
/* End PBXSourcesBuildPhase section */

/* Begin PBXTargetDependency section */
		ECAAAEC02E843F6400E73632 /* PBXTargetDependency */ = {
			isa = PBXTargetDependency;
			platformFilter = ios;
			target = ECAAAEAF2E843F6100E73632 /* DAGFromCode */;
			targetProxy = ECAAAEBF2E843F6400E73632 /* PBXContainerItemProxy */;
		};
/* End PBXTargetDependency section */

/* Begin XCBuildConfiguration section */
		ECAAAED02E843F6400E73632 /* Debug */ = {
			isa = XCBuildConfiguration;
			buildSettings = {
				ALWAYS_SEARCH_USER_PATHS = NO;
				ASSETCATALOG_COMPILER_GENERATE_SWIFT_ASSET_SYMBOL_EXTENSIONS = YES;
				CLANG_ANALYZER_NONNULL = YES;
				CLANG_ANALYZER_NUMBER_OBJECT_CONVERSION = YES_AGGRESSIVE;
				CLANG_CXX_LANGUAGE_STANDARD = "gnu++20";
				CLANG_ENABLE_MODULES = YES;
				CLANG_ENABLE_OBJC_ARC = YES;
				CLANG_ENABLE_OBJC_WEAK = YES;
				CLANG_WARN_BLOCK_CAPTURE_AUTORELEASING = YES;
				CLANG_WARN_BOOL_CONVERSION = YES;
				CLANG_WARN_COMMA = YES;
				CLANG_WARN_CONSTANT_CONVERSION = YES;
				CLANG_WARN_DEPRECATED_OBJC_IMPLEMENTATIONS = YES;
				CLANG_WARN_DIRECT_OBJC_ISA_USAGE = YES_ERROR;
				CLANG_WARN_DOCUMENTATION_COMMENTS = YES;
				CLANG_WARN_EMPTY_BODY = YES;
				CLANG_WARN_ENUM_CONVERSION = YES;
				CLANG_WARN_INFINITE_RECURSION = YES;
				CLANG_WARN_INT_CONVERSION = YES;
				CLANG_WARN_NON_LITERAL_NULL_CONVERSION = YES;
				CLANG_WARN_OBJC_IMPLICIT_RETAIN_SELF = YES;
				CLANG_WARN_OBJC_LITERAL_CONVERSION = YES;
				CLANG_WARN_OBJC_ROOT_CLASS = YES_ERROR;
				CLANG_WARN_QUOTED_INCLUDE_IN_FRAMEWORK_HEADER = YES;
				CLANG_WARN_RANGE_LOOP_ANALYSIS = YES;
				CLANG_WARN_STRICT_PROTOTYPES = YES;
				CLANG_WARN_SUSPICIOUS_MOVE = YES;
				CLANG_WARN_UNGUARDED_AVAILABILITY = YES_AGGRESSIVE;
				CLANG_WARN_UNREACHABLE_CODE = YES;
				CLANG_WARN__DUPLICATE_METHOD_MATCH = YES;
				COPY_PHASE_STRIP = NO;
				DEBUG_INFORMATION_FORMAT = dwarf;
				DEVELOPMENT_TEAM = 57798878NB;
				ENABLE_STRICT_OBJC_MSGSEND = YES;
				ENABLE_TESTABILITY = YES;
				ENABLE_USER_SCRIPT_SANDBOXING = YES;
				GCC_C_LANGUAGE_STANDARD = gnu17;
				GCC_DYNAMIC_NO_PIC = NO;
				GCC_NO_COMMON_BLOCKS = YES;
				GCC_OPTIMIZATION_LEVEL = 0;
				GCC_PREPROCESSOR_DEFINITIONS = (
					"DEBUG=1",
					"$(inherited)",
				);
				GCC_WARN_64_TO_32_BIT_CONVERSION = YES;
				GCC_WARN_ABOUT_RETURN_TYPE = YES_ERROR;
				GCC_WARN_UNDECLARED_SELECTOR = YES;
				GCC_WARN_UNINITIALIZED_AUTOS = YES_AGGRESSIVE;
				GCC_WARN_UNUSED_FUNCTION = YES;
				GCC_WARN_UNUSED_VARIABLE = YES;
				LOCALIZATION_PREFERS_STRING_CATALOGS = YES;
				MTL_ENABLE_DEBUG_INFO = INCLUDE_SOURCE;
				MTL_FAST_MATH = YES;
				ONLY_ACTIVE_ARCH = YES;
				SWIFT_ACTIVE_COMPILATION_CONDITIONS = "DEBUG $(inherited)";
				SWIFT_OPTIMIZATION_LEVEL = "-Onone";
			};
			name = Debug;
		};
		ECAAAED12E843F6400E73632 /* Release */ = {
			isa = XCBuildConfiguration;
			buildSettings = {
				ALWAYS_SEARCH_USER_PATHS = NO;
				ASSETCATALOG_COMPILER_GENERATE_SWIFT_ASSET_SYMBOL_EXTENSIONS = YES;
				CLANG_ANALYZER_NONNULL = YES;
				CLANG_ANALYZER_NUMBER_OBJECT_CONVERSION = YES_AGGRESSIVE;
				CLANG_CXX_LANGUAGE_STANDARD = "gnu++20";
				CLANG_ENABLE_MODULES = YES;
				CLANG_ENABLE_OBJC_ARC = YES;
				CLANG_ENABLE_OBJC_WEAK = YES;
				CLANG_WARN_BLOCK_CAPTURE_AUTORELEASING = YES;
				CLANG_WARN_BOOL_CONVERSION = YES;
				CLANG_WARN_COMMA = YES;
				CLANG_WARN_CONSTANT_CONVERSION = YES;
				CLANG_WARN_DEPRECATED_OBJC_IMPLEMENTATIONS = YES;
				CLANG_WARN_DIRECT_OBJC_ISA_USAGE = YES_ERROR;
				CLANG_WARN_DOCUMENTATION_COMMENTS = YES;
				CLANG_WARN_EMPTY_BODY = YES;
				CLANG_WARN_ENUM_CONVERSION = YES;
				CLANG_WARN_INFINITE_RECURSION = YES;
				CLANG_WARN_INT_CONVERSION = YES;
				CLANG_WARN_NON_LITERAL_NULL_CONVERSION = YES;
				CLANG_WARN_OBJC_IMPLICIT_RETAIN_SELF = YES;
				CLANG_WARN_OBJC_LITERAL_CONVERSION = YES;
				CLANG_WARN_OBJC_ROOT_CLASS = YES_ERROR;
				CLANG_WARN_QUOTED_INCLUDE_IN_FRAMEWORK_HEADER = YES;
				CLANG_WARN_RANGE_LOOP_ANALYSIS = YES;
				CLANG_WARN_STRICT_PROTOTYPES = YES;
				CLANG_WARN_SUSPICIOUS_MOVE = YES;
				CLANG_WARN_UNGUARDED_AVAILABILITY = YES_AGGRESSIVE;
				CLANG_WARN_UNREACHABLE_CODE = YES;
				CLANG_WARN__DUPLICATE_METHOD_MATCH = YES;
				COPY_PHASE_STRIP = NO;
				DEBUG_INFORMATION_FORMAT = "dwarf-with-dsym";
				DEVELOPMENT_TEAM = 57798878NB;
				ENABLE_NS_ASSERTIONS = NO;
				ENABLE_STRICT_OBJC_MSGSEND = YES;
				ENABLE_USER_SCRIPT_SANDBOXING = YES;
				GCC_C_LANGUAGE_STANDARD = gnu17;
				GCC_NO_COMMON_BLOCKS = YES;
				GCC_WARN_64_TO_32_BIT_CONVERSION = YES;
				GCC_WARN_ABOUT_RETURN_TYPE = YES_ERROR;
				GCC_WARN_UNDECLARED_SELECTOR = YES;
				GCC_WARN_UNINITIALIZED_AUTOS = YES_AGGRESSIVE;
				GCC_WARN_UNUSED_FUNCTION = YES;
				GCC_WARN_UNUSED_VARIABLE = YES;
				LOCALIZATION_PREFERS_STRING_CATALOGS = YES;
				MTL_ENABLE_DEBUG_INFO = NO;
				MTL_FAST_MATH = YES;
				SWIFT_COMPILATION_MODE = wholemodule;
			};
			name = Release;
		};
		ECAAAED32E843F6400E73632 /* Debug */ = {
			isa = XCBuildConfiguration;
			buildSettings = {
				ASSETCATALOG_COMPILER_APPICON_NAME = AppIcon;
				ASSETCATALOG_COMPILER_GLOBAL_ACCENT_COLOR_NAME = AccentColor;
				CODE_SIGN_ENTITLEMENTS = DAGFromCode/DAGFromCode.entitlements;
				CODE_SIGN_STYLE = Automatic;
				CURRENT_PROJECT_VERSION = 1;
				DEVELOPMENT_TEAM = 57798878NB;
				ENABLE_HARDENED_RUNTIME = YES;
				ENABLE_PREVIEWS = YES;
				GENERATE_INFOPLIST_FILE = YES;
				"INFOPLIST_KEY_UIApplicationSceneManifest_Generation[sdk=iphoneos*]" = YES;
				"INFOPLIST_KEY_UIApplicationSceneManifest_Generation[sdk=iphonesimulator*]" = YES;
				"INFOPLIST_KEY_UIApplicationSupportsIndirectInputEvents[sdk=iphoneos*]" = YES;
				"INFOPLIST_KEY_UIApplicationSupportsIndirectInputEvents[sdk=iphonesimulator*]" = YES;
				"INFOPLIST_KEY_UILaunchScreen_Generation[sdk=iphoneos*]" = YES;
				"INFOPLIST_KEY_UILaunchScreen_Generation[sdk=iphonesimulator*]" = YES;
				"INFOPLIST_KEY_UIStatusBarStyle[sdk=iphoneos*]" = UIStatusBarStyleDefault;
				"INFOPLIST_KEY_UIStatusBarStyle[sdk=iphonesimulator*]" = UIStatusBarStyleDefault;
				INFOPLIST_KEY_UISupportedInterfaceOrientations_iPad = "UIInterfaceOrientationPortrait UIInterfaceOrientationPortraitUpsideDown UIInterfaceOrientationLandscapeLeft UIInterfaceOrientationLandscapeRight";
				INFOPLIST_KEY_UISupportedInterfaceOrientations_iPhone = "UIInterfaceOrientationPortrait UIInterfaceOrientationLandscapeLeft UIInterfaceOrientationLandscapeRight";
				IPHONEOS_DEPLOYMENT_TARGET = 18.5;
				LD_RUNPATH_SEARCH_PATHS = "@executable_path/Frameworks";
				"LD_RUNPATH_SEARCH_PATHS[sdk=macosx*]" = "@executable_path/../Frameworks";
				MACOSX_DEPLOYMENT_TARGET = 15.5;
				MARKETING_VERSION = 1.0;
				PRODUCT_BUNDLE_IDENTIFIER = com.stitch.DAGFromCode;
				PRODUCT_NAME = "$(TARGET_NAME)";
				REGISTER_APP_GROUPS = YES;
				SDKROOT = auto;
				SUPPORTED_PLATFORMS = "iphoneos iphonesimulator macosx";
				SUPPORTS_MACCATALYST = YES;
				SWIFT_EMIT_LOC_STRINGS = YES;
				SWIFT_VERSION = 5.0;
				TARGETED_DEVICE_FAMILY = "1,2";
				XROS_DEPLOYMENT_TARGET = 2.5;
			};
			name = Debug;
		};
		ECAAAED42E843F6400E73632 /* Release */ = {
			isa = XCBuildConfiguration;
			buildSettings = {
				ASSETCATALOG_COMPILER_APPICON_NAME = AppIcon;
				ASSETCATALOG_COMPILER_GLOBAL_ACCENT_COLOR_NAME = AccentColor;
				CODE_SIGN_ENTITLEMENTS = DAGFromCode/DAGFromCode.entitlements;
				CODE_SIGN_STYLE = Automatic;
				CURRENT_PROJECT_VERSION = 1;
				DEVELOPMENT_TEAM = 57798878NB;
				ENABLE_HARDENED_RUNTIME = YES;
				ENABLE_PREVIEWS = YES;
				GENERATE_INFOPLIST_FILE = YES;
				"INFOPLIST_KEY_UIApplicationSceneManifest_Generation[sdk=iphoneos*]" = YES;
				"INFOPLIST_KEY_UIApplicationSceneManifest_Generation[sdk=iphonesimulator*]" = YES;
				"INFOPLIST_KEY_UIApplicationSupportsIndirectInputEvents[sdk=iphoneos*]" = YES;
				"INFOPLIST_KEY_UIApplicationSupportsIndirectInputEvents[sdk=iphonesimulator*]" = YES;
				"INFOPLIST_KEY_UILaunchScreen_Generation[sdk=iphoneos*]" = YES;
				"INFOPLIST_KEY_UILaunchScreen_Generation[sdk=iphonesimulator*]" = YES;
				"INFOPLIST_KEY_UIStatusBarStyle[sdk=iphoneos*]" = UIStatusBarStyleDefault;
				"INFOPLIST_KEY_UIStatusBarStyle[sdk=iphonesimulator*]" = UIStatusBarStyleDefault;
				INFOPLIST_KEY_UISupportedInterfaceOrientations_iPad = "UIInterfaceOrientationPortrait UIInterfaceOrientationPortraitUpsideDown UIInterfaceOrientationLandscapeLeft UIInterfaceOrientationLandscapeRight";
				INFOPLIST_KEY_UISupportedInterfaceOrientations_iPhone = "UIInterfaceOrientationPortrait UIInterfaceOrientationLandscapeLeft UIInterfaceOrientationLandscapeRight";
				IPHONEOS_DEPLOYMENT_TARGET = 18.5;
				LD_RUNPATH_SEARCH_PATHS = "@executable_path/Frameworks";
				"LD_RUNPATH_SEARCH_PATHS[sdk=macosx*]" = "@executable_path/../Frameworks";
				MACOSX_DEPLOYMENT_TARGET = 15.5;
				MARKETING_VERSION = 1.0;
				PRODUCT_BUNDLE_IDENTIFIER = com.stitch.DAGFromCode;
				PRODUCT_NAME = "$(TARGET_NAME)";
				REGISTER_APP_GROUPS = YES;
				SDKROOT = auto;
				SUPPORTED_PLATFORMS = "iphoneos iphonesimulator macosx";
				SUPPORTS_MACCATALYST = YES;
				SWIFT_EMIT_LOC_STRINGS = YES;
				SWIFT_VERSION = 5.0;
				TARGETED_DEVICE_FAMILY = "1,2";
				XROS_DEPLOYMENT_TARGET = 2.5;
			};
			name = Release;
		};
		ECAAAED62E843F6400E73632 /* Debug */ = {
			isa = XCBuildConfiguration;
			buildSettings = {
				BUNDLE_LOADER = "$(TEST_HOST)";
				"CODE_SIGN_IDENTITY[sdk=macosx*]" = "Apple Development";
				CODE_SIGN_STYLE = Automatic;
				CURRENT_PROJECT_VERSION = 1;
				DEVELOPMENT_TEAM = 57798878NB;
				GENERATE_INFOPLIST_FILE = YES;
				IPHONEOS_DEPLOYMENT_TARGET = 18.5;
				MACOSX_DEPLOYMENT_TARGET = 15.5;
				MARKETING_VERSION = 1.0;
				PRODUCT_BUNDLE_IDENTIFIER = com.stitch.DAGFromCodeTests;
				PRODUCT_NAME = "$(TARGET_NAME)";
				REGISTER_APP_GROUPS = YES;
				SDKROOT = auto;
				SUPPORTED_PLATFORMS = "iphoneos iphonesimulator macosx";
				SUPPORTS_MACCATALYST = YES;
				SWIFT_EMIT_LOC_STRINGS = NO;
				SWIFT_VERSION = 5.0;
				TARGETED_DEVICE_FAMILY = "1,2";
				TEST_HOST = "$(BUILT_PRODUCTS_DIR)/DAGFromCode.app/$(BUNDLE_EXECUTABLE_FOLDER_PATH)/DAGFromCode";
				XROS_DEPLOYMENT_TARGET = 2.5;
			};
			name = Debug;
		};
		ECAAAED72E843F6400E73632 /* Release */ = {
			isa = XCBuildConfiguration;
			buildSettings = {
				BUNDLE_LOADER = "$(TEST_HOST)";
				"CODE_SIGN_IDENTITY[sdk=macosx*]" = "Apple Development";
				CODE_SIGN_STYLE = Automatic;
				CURRENT_PROJECT_VERSION = 1;
				DEVELOPMENT_TEAM = 57798878NB;
				GENERATE_INFOPLIST_FILE = YES;
				IPHONEOS_DEPLOYMENT_TARGET = 18.5;
				MACOSX_DEPLOYMENT_TARGET = 15.5;
				MARKETING_VERSION = 1.0;
				PRODUCT_BUNDLE_IDENTIFIER = com.stitch.DAGFromCodeTests;
				PRODUCT_NAME = "$(TARGET_NAME)";
				REGISTER_APP_GROUPS = YES;
				SDKROOT = auto;
				SUPPORTED_PLATFORMS = "iphoneos iphonesimulator macosx";
				SUPPORTS_MACCATALYST = YES;
				SWIFT_EMIT_LOC_STRINGS = NO;
				SWIFT_VERSION = 5.0;
				TARGETED_DEVICE_FAMILY = "1,2";
				TEST_HOST = "$(BUILT_PRODUCTS_DIR)/DAGFromCode.app/$(BUNDLE_EXECUTABLE_FOLDER_PATH)/DAGFromCode";
				XROS_DEPLOYMENT_TARGET = 2.5;
			};
			name = Release;
		};
/* End XCBuildConfiguration section */

/* Begin XCConfigurationList section */
		ECAAAEAB2E843F6100E73632 /* Build configuration list for PBXProject "DAGFromCode" */ = {
			isa = XCConfigurationList;
			buildConfigurations = (
				ECAAAED02E843F6400E73632 /* Debug */,
				ECAAAED12E843F6400E73632 /* Release */,
			);
			defaultConfigurationIsVisible = 0;
			defaultConfigurationName = Release;
		};
		ECAAAED22E843F6400E73632 /* Build configuration list for PBXNativeTarget "DAGFromCode" */ = {
			isa = XCConfigurationList;
			buildConfigurations = (
				ECAAAED32E843F6400E73632 /* Debug */,
				ECAAAED42E843F6400E73632 /* Release */,
			);
			defaultConfigurationIsVisible = 0;
			defaultConfigurationName = Release;
		};
		ECAAAED52E843F6400E73632 /* Build configuration list for PBXNativeTarget "DAGFromCodeTests" */ = {
			isa = XCConfigurationList;
			buildConfigurations = (
				ECAAAED62E843F6400E73632 /* Debug */,
				ECAAAED72E843F6400E73632 /* Release */,
			);
			defaultConfigurationIsVisible = 0;
			defaultConfigurationName = Release;
		};
/* End XCConfigurationList section */

/* Begin XCRemoteSwiftPackageReference section */
		ECAAAEDD2E8440FE00E73632 /* XCRemoteSwiftPackageReference "swift-syntax" */ = {
			isa = XCRemoteSwiftPackageReference;
			repositoryURL = "https://github.com/swiftlang/swift-syntax.git";
			requirement = {
				kind = upToNextMajorVersion;
				minimumVersion = 602.0.0;
			};
		};
		ECAAAEE82E84411F00E73632 /* XCRemoteSwiftPackageReference "swift-collections" */ = {
			isa = XCRemoteSwiftPackageReference;
			repositoryURL = "https://github.com/apple/swift-collections.git";
			requirement = {
				kind = upToNextMajorVersion;
				minimumVersion = 1.2.1;
			};
		};
/* End XCRemoteSwiftPackageReference section */

/* Begin XCSwiftPackageProductDependency section */
		ECAAAEDE2E8440FF00E73632 /* SwiftBasicFormat */ = {
			isa = XCSwiftPackageProductDependency;
			package = ECAAAEDD2E8440FE00E73632 /* XCRemoteSwiftPackageReference "swift-syntax" */;
			productName = SwiftBasicFormat;
		};
		ECAAAEE02E8440FF00E73632 /* SwiftCompilerPlugin */ = {
			isa = XCSwiftPackageProductDependency;
			package = ECAAAEDD2E8440FE00E73632 /* XCRemoteSwiftPackageReference "swift-syntax" */;
			productName = SwiftCompilerPlugin;
		};
		ECAAAEE22E8440FF00E73632 /* SwiftDiagnostics */ = {
			isa = XCSwiftPackageProductDependency;
			package = ECAAAEDD2E8440FE00E73632 /* XCRemoteSwiftPackageReference "swift-syntax" */;
			productName = SwiftDiagnostics;
		};
		ECAAAEE42E8440FF00E73632 /* SwiftIDEUtils */ = {
			isa = XCSwiftPackageProductDependency;
			package = ECAAAEDD2E8440FE00E73632 /* XCRemoteSwiftPackageReference "swift-syntax" */;
			productName = SwiftIDEUtils;
		};
		ECAAAEE62E8440FF00E73632 /* SwiftIfConfig */ = {
			isa = XCSwiftPackageProductDependency;
			package = ECAAAEDD2E8440FE00E73632 /* XCRemoteSwiftPackageReference "swift-syntax" */;
			productName = SwiftIfConfig;
		};
		ECAAAEE92E84411F00E73632 /* BitCollections */ = {
			isa = XCSwiftPackageProductDependency;
			package = ECAAAEE82E84411F00E73632 /* XCRemoteSwiftPackageReference "swift-collections" */;
			productName = BitCollections;
		};
		ECAAAEEB2E84411F00E73632 /* Collections */ = {
			isa = XCSwiftPackageProductDependency;
			package = ECAAAEE82E84411F00E73632 /* XCRemoteSwiftPackageReference "swift-collections" */;
			productName = Collections;
		};
		ECAAAEED2E84411F00E73632 /* DequeModule */ = {
			isa = XCSwiftPackageProductDependency;
			package = ECAAAEE82E84411F00E73632 /* XCRemoteSwiftPackageReference "swift-collections" */;
			productName = DequeModule;
		};
		ECAAAEEF2E84411F00E73632 /* HashTreeCollections */ = {
			isa = XCSwiftPackageProductDependency;
			package = ECAAAEE82E84411F00E73632 /* XCRemoteSwiftPackageReference "swift-collections" */;
			productName = HashTreeCollections;
		};
		ECAAAEF12E84411F00E73632 /* HeapModule */ = {
			isa = XCSwiftPackageProductDependency;
			package = ECAAAEE82E84411F00E73632 /* XCRemoteSwiftPackageReference "swift-collections" */;
			productName = HeapModule;
		};
		ECAAAEF32E84411F00E73632 /* OrderedCollections */ = {
			isa = XCSwiftPackageProductDependency;
			package = ECAAAEE82E84411F00E73632 /* XCRemoteSwiftPackageReference "swift-collections" */;
			productName = OrderedCollections;
		};
		ECAAAEF52E84411F00E73632 /* _RopeModule */ = {
			isa = XCSwiftPackageProductDependency;
			package = ECAAAEE82E84411F00E73632 /* XCRemoteSwiftPackageReference "swift-collections" */;
			productName = _RopeModule;
		};
/* End XCSwiftPackageProductDependency section */
	};
	rootObject = ECAAAEA82E843F6100E73632 /* Project object */;
}
